
Microsoft Visual Studio Solution File, Format Version 12.00
# Visual Studio Version 16
VisualStudioVersion = 16.0.30128.74
MinimumVisualStudioVersion = 10.0.40219.1
Project("{9A19103F-16F7-4668-BE54-9A1E7A4F7556}") = "StarSimV2", "StarSimV2\StarSimV2.csproj", "{9C0A5390-E9E0-4521-847C-DDD60C82A66F}"
EndProject
Project("{9A19103F-16F7-4668-BE54-9A1E7A4F7556}") = "StarSimLib", "StarSimLib\StarSimLib.csproj", "{7BC9FA93-B8DE-42B7-BA26-1D5582616A33}"
EndProject
Project("{2150E333-8FDC-42A3-9474-1A3956D46DE8}") = "Solution Items", "Solution Items", "{146F703B-D242-45D2-B0ED-835C204D0791}"
	ProjectSection(SolutionItems) = preProject
		..\..\..\..\_Visual Studio Config\.editorconfig = ..\..\..\..\_Visual Studio Config\.editorconfig
		build_shaders.cmd = build_shaders.cmd
		Tools\glslangtests.exe = Tools\glslangtests.exe
		Tools\glslangValidator.exe = Tools\glslangValidator.exe
		Tools\spirv-as.exe = Tools\spirv-as.exe
		Tools\spirv-cfg.exe = Tools\spirv-cfg.exe
		Tools\spirv-dis.exe = Tools\spirv-dis.exe
		Tools\spirv-link.exe = Tools\spirv-link.exe
		Tools\spirv-opt.exe = Tools\spirv-opt.exe
		Tools\spirv-reduce.exe = Tools\spirv-reduce.exe
		Tools\spirv-remap.exe = Tools\spirv-remap.exe
		Tools\spirv-val.exe = Tools\spirv-val.exe
	EndProjectSection
EndProject
Global
	GlobalSection(SolutionConfigurationPlatforms) = preSolution
		Debug|Any CPU = Debug|Any CPU
		Release|Any CPU = Release|Any CPU
	EndGlobalSection
	GlobalSection(ProjectConfigurationPlatforms) = postSolution
		{9C0A5390-E9E0-4521-847C-DDD60C82A66F}.Debug|Any CPU.ActiveCfg = Debug|Any CPU
		{9C0A5390-E9E0-4521-847C-DDD60C82A66F}.Debug|Any CPU.Build.0 = Debug|Any CPU
		{9C0A5390-E9E0-4521-847C-DDD60C82A66F}.Release|Any CPU.ActiveCfg = Release|Any CPU
		{9C0A5390-E9E0-4521-847C-DDD60C82A66F}.Release|Any CPU.Build.0 = Release|Any CPU
		{7BC9FA93-B8DE-42B7-BA26-1D5582616A33}.Debug|Any CPU.ActiveCfg = Debug|Any CPU
		{7BC9FA93-B8DE-42B7-BA26-1D5582616A33}.Debug|Any CPU.Build.0 = Debug|Any CPU
		{7BC9FA93-B8DE-42B7-BA26-1D5582616A33}.Release|Any CPU.ActiveCfg = Release|Any CPU
		{7BC9FA93-B8DE-42B7-BA26-1D5582616A33}.Release|Any CPU.Build.0 = Release|Any CPU
	EndGlobalSection
	GlobalSection(SolutionProperties) = preSolution
		HideSolutionNode = FALSE
	EndGlobalSection
	GlobalSection(ExtensibilityGlobals) = postSolution
		SolutionGuid = {E37D06C9-4E3A-4886-971B-6DC1BBC4B9B1}
	EndGlobalSection
EndGlobal
