
Microsoft Visual Studio Solution File, Format Version 12.00
# Visual Studio Version 16
VisualStudioVersion = 16.0.30128.74
MinimumVisualStudioVersion = 10.0.40219.1
Project("{2150E333-8FDC-42A3-9474-1A3956D46DE8}") = "Solution Items", "Solution Items", "{146F703B-D242-45D2-B0ED-835C204D0791}"
	ProjectSection(SolutionItems) = preProject
		build_shaders.cmd = build_shaders.cmd
		Tools\glslangtests.exe = Tools\glslangtests.exe
		Tools\glslangValidator.exe = Tools\glslangValidator.exe
		Tools\spirv-as.exe = Tools\spirv-as.exe
		Tools\spirv-cfg.exe = Tools\spirv-cfg.exe
		Tools\spirv-dis.exe = Tools\spirv-dis.exe
		Tools\spirv-link.exe = Tools\spirv-link.exe
		Tools\spirv-opt.exe = Tools\spirv-opt.exe
		Tools\spirv-reduce.exe = Tools\spirv-reduce.exe
		Tools\spirv-remap.exe = Tools\spirv-remap.exe
		Tools\spirv-val.exe = Tools\spirv-val.exe
	EndProjectSection
EndProject
Global
	GlobalSection(SolutionProperties) = preSolution
		HideSolutionNode = FALSE
	EndGlobalSection
	GlobalSection(ExtensibilityGlobals) = postSolution
		SolutionGuid = {E37D06C9-4E3A-4886-971B-6DC1BBC4B9B1}
	EndGlobalSection
EndGlobal
